// !$*UTF8*$!
{
	archiveVersion = 1;
	classes = {
	};
	objectVersion = 77;
	objects = {

/* Begin PBXContainerItemProxy section */
		73BA2C092D04D41B00D9271C /* PBXContainerItemProxy */ = {
			isa = PBXContainerItemProxy;
			containerPortal = 73BA2BEE2D04D41900D9271C /* Project object */;
			proxyType = 1;
			remoteGlobalIDString = 73BA2BF52D04D41900D9271C;
			remoteInfo = Compass;
		};
		73BA2C132D04D41B00D9271C /* PBXContainerItemProxy */ = {
			isa = PBXContainerItemProxy;
			containerPortal = 73BA2BEE2D04D41900D9271C /* Project object */;
			proxyType = 1;
			remoteGlobalIDString = 73BA2BF52D04D41900D9271C;
			remoteInfo = Compass;
		};
/* End PBXContainerItemProxy section */

/* Begin PBXFileReference section */
		73BA2BF62D04D41900D9271C /* Compass.app */ = {isa = PBXFileReference; explicitFileType = wrapper.application; includeInIndex = 0; path = Compass.app; sourceTree = BUILT_PRODUCTS_DIR; };
		73BA2C082D04D41B00D9271C /* CompassTests.xctest */ = {isa = PBXFileReference; explicitFileType = wrapper.cfbundle; includeInIndex = 0; path = CompassTests.xctest; sourceTree = BUILT_PRODUCTS_DIR; };
		73BA2C122D04D41B00D9271C /* CompassUITests.xctest */ = {isa = PBXFileReference; explicitFileType = wrapper.cfbundle; includeInIndex = 0; path = CompassUITests.xctest; sourceTree = BUILT_PRODUCTS_DIR; };
/* End PBXFileReference section */

/* Begin PBXFileSystemSynchronizedRootGroup section */
		73BA2BF82D04D41900D9271C /* Compass */ = {
			isa = PBXFileSystemSynchronizedRootGroup;
			path = Compass;
			sourceTree = "<group>";
		};
		73BA2C0B2D04D41B00D9271C /* CompassTests */ = {
			isa = PBXFileSystemSynchronizedRootGroup;
			path = CompassTests;
			sourceTree = "<group>";
		};
		73BA2C152D04D41B00D9271C /* CompassUITests */ = {
			isa = PBXFileSystemSynchronizedRootGroup;
			path = CompassUITests;
			sourceTree = "<group>";
		};
/* End PBXFileSystemSynchronizedRootGroup section */

/* Begin PBXFrameworksBuildPhase section */
		73BA2BF32D04D41900D9271C /* Frameworks */ = {
			isa = PBXFrameworksBuildPhase;
			buildActionMask = 2147483647;
			files = (
			);
			runOnlyForDeploymentPostprocessing = 0;
		};
		73BA2C052D04D41B00D9271C /* Frameworks */ = {
			isa = PBXFrameworksBuildPhase;
			buildActionMask = 2147483647;
			files = (
			);
			runOnlyForDeploymentPostprocessing = 0;
		};
		73BA2C0F2D04D41B00D9271C /* Frameworks */ = {
			isa = PBXFrameworksBuildPhase;
			buildActionMask = 2147483647;
			files = (
			);
			runOnlyForDeploymentPostprocessing = 0;
		};
/* End PBXFrameworksBuildPhase section */

/* Begin PBXGroup section */
		73BA2BED2D04D41900D9271C = {
			isa = PBXGroup;
			children = (
				73BA2BF82D04D41900D9271C /* Compass */,
				73BA2C0B2D04D41B00D9271C /* CompassTests */,
				73BA2C152D04D41B00D9271C /* CompassUITests */,
				73BA2BF72D04D41900D9271C /* Products */,
			);
			sourceTree = "<group>";
		};
		73BA2BF72D04D41900D9271C /* Products */ = {
			isa = PBXGroup;
			children = (
				73BA2BF62D04D41900D9271C /* Compass.app */,
				73BA2C082D04D41B00D9271C /* CompassTests.xctest */,
				73BA2C122D04D41B00D9271C /* CompassUITests.xctest */,
			);
			name = Products;
			sourceTree = "<group>";
		};
/* End PBXGroup section */

/* Begin PBXNativeTarget section */
		73BA2BF52D04D41900D9271C /* Compass */ = {
			isa = PBXNativeTarget;
			buildConfigurationList = 73BA2C1C2D04D41B00D9271C /* Build configuration list for PBXNativeTarget "Compass" */;
			buildPhases = (
				73BA2BF22D04D41900D9271C /* Sources */,
				73BA2BF32D04D41900D9271C /* Frameworks */,
				73BA2BF42D04D41900D9271C /* Resources */,
			);
			buildRules = (
			);
			dependencies = (
			);
			fileSystemSynchronizedGroups = (
				73BA2BF82D04D41900D9271C /* Compass */,
			);
			name = Compass;
			packageProductDependencies = (
			);
			productName = Compass;
			productReference = 73BA2BF62D04D41900D9271C /* Compass.app */;
			productType = "com.apple.product-type.application";
		};
		73BA2C072D04D41B00D9271C /* CompassTests */ = {
			isa = PBXNativeTarget;
			buildConfigurationList = 73BA2C1F2D04D41B00D9271C /* Build configuration list for PBXNativeTarget "CompassTests" */;
			buildPhases = (
				73BA2C042D04D41B00D9271C /* Sources */,
				73BA2C052D04D41B00D9271C /* Frameworks */,
				73BA2C062D04D41B00D9271C /* Resources */,
			);
			buildRules = (
			);
			dependencies = (
				73BA2C0A2D04D41B00D9271C /* PBXTargetDependency */,
			);
			fileSystemSynchronizedGroups = (
				73BA2C0B2D04D41B00D9271C /* CompassTests */,
			);
			name = CompassTests;
			packageProductDependencies = (
			);
			productName = CompassTests;
			productReference = 73BA2C082D04D41B00D9271C /* CompassTests.xctest */;
			productType = "com.apple.product-type.bundle.unit-test";
		};
		73BA2C112D04D41B00D9271C /* CompassUITests */ = {
			isa = PBXNativeTarget;
			buildConfigurationList = 73BA2C222D04D41B00D9271C /* Build configuration list for PBXNativeTarget "CompassUITests" */;
			buildPhases = (
				73BA2C0E2D04D41B00D9271C /* Sources */,
				73BA2C0F2D04D41B00D9271C /* Frameworks */,
				73BA2C102D04D41B00D9271C /* Resources */,
			);
			buildRules = (
			);
			dependencies = (
				73BA2C142D04D41B00D9271C /* PBXTargetDependency */,
			);
			fileSystemSynchronizedGroups = (
				73BA2C152D04D41B00D9271C /* CompassUITests */,
			);
			name = CompassUITests;
			packageProductDependencies = (
			);
			productName = CompassUITests;
			productReference = 73BA2C122D04D41B00D9271C /* CompassUITests.xctest */;
			productType = "com.apple.product-type.bundle.ui-testing";
		};
/* End PBXNativeTarget section */

/* Begin PBXProject section */
		73BA2BEE2D04D41900D9271C /* Project object */ = {
			isa = PBXProject;
			attributes = {
				BuildIndependentTargetsInParallel = 1;
				LastSwiftUpdateCheck = 1620;
				LastUpgradeCheck = 1620;
				TargetAttributes = {
					73BA2BF52D04D41900D9271C = {
						CreatedOnToolsVersion = 16.2;
					};
					73BA2C072D04D41B00D9271C = {
						CreatedOnToolsVersion = 16.2;
						TestTargetID = 73BA2BF52D04D41900D9271C;
					};
					73BA2C112D04D41B00D9271C = {
						CreatedOnToolsVersion = 16.2;
						TestTargetID = 73BA2BF52D04D41900D9271C;
					};
				};
			};
			buildConfigurationList = 73BA2BF12D04D41900D9271C /* Build configuration list for PBXProject "Compass" */;
			developmentRegion = en;
			hasScannedForEncodings = 0;
			knownRegions = (
				en,
				Base,
			);
			mainGroup = 73BA2BED2D04D41900D9271C;
			minimizedProjectReferenceProxies = 1;
			preferredProjectObjectVersion = 77;
			productRefGroup = 73BA2BF72D04D41900D9271C /* Products */;
			projectDirPath = "";
			projectRoot = "";
			targets = (
				73BA2BF52D04D41900D9271C /* Compass */,
				73BA2C072D04D41B00D9271C /* CompassTests */,
				73BA2C112D04D41B00D9271C /* CompassUITests */,
			);
		};
/* End PBXProject section */

/* Begin PBXResourcesBuildPhase section */
		73BA2BF42D04D41900D9271C /* Resources */ = {
			isa = PBXResourcesBuildPhase;
			buildActionMask = 2147483647;
			files = (
			);
			runOnlyForDeploymentPostprocessing = 0;
		};
		73BA2C062D04D41B00D9271C /* Resources */ = {
			isa = PBXResourcesBuildPhase;
			buildActionMask = 2147483647;
			files = (
			);
			runOnlyForDeploymentPostprocessing = 0;
		};
		73BA2C102D04D41B00D9271C /* Resources */ = {
			isa = PBXResourcesBuildPhase;
			buildActionMask = 2147483647;
			files = (
			);
			runOnlyForDeploymentPostprocessing = 0;
		};
/* End PBXResourcesBuildPhase section */

/* Begin PBXSourcesBuildPhase section */
		73BA2BF22D04D41900D9271C /* Sources */ = {
			isa = PBXSourcesBuildPhase;
			buildActionMask = 2147483647;
			files = (
			);
			runOnlyForDeploymentPostprocessing = 0;
		};
		73BA2C042D04D41B00D9271C /* Sources */ = {
			isa = PBXSourcesBuildPhase;
			buildActionMask = 2147483647;
			files = (
			);
			runOnlyForDeploymentPostprocessing = 0;
		};
		73BA2C0E2D04D41B00D9271C /* Sources */ = {
			isa = PBXSourcesBuildPhase;
			buildActionMask = 2147483647;
			files = (
			);
			runOnlyForDeploymentPostprocessing = 0;
		};
/* End PBXSourcesBuildPhase section */

/* Begin PBXTargetDependency section */
		73BA2C0A2D04D41B00D9271C /* PBXTargetDependency */ = {
			isa = PBXTargetDependency;
			target = 73BA2BF52D04D41900D9271C /* Compass */;
			targetProxy = 73BA2C092D04D41B00D9271C /* PBXContainerItemProxy */;
		};
		73BA2C142D04D41B00D9271C /* PBXTargetDependency */ = {
			isa = PBXTargetDependency;
			target = 73BA2BF52D04D41900D9271C /* Compass */;
			targetProxy = 73BA2C132D04D41B00D9271C /* PBXContainerItemProxy */;
		};
/* End PBXTargetDependency section */

/* Begin XCBuildConfiguration section */
		73BA2C1A2D04D41B00D9271C /* Debug */ = {
			isa = XCBuildConfiguration;
			buildSettings = {
				ALWAYS_SEARCH_USER_PATHS = NO;
				ASSETCATALOG_COMPILER_GENERATE_SWIFT_ASSET_SYMBOL_EXTENSIONS = YES;
				CLANG_ANALYZER_NONNULL = YES;
				CLANG_ANALYZER_NUMBER_OBJECT_CONVERSION = YES_AGGRESSIVE;
				CLANG_CXX_LANGUAGE_STANDARD = "gnu++20";
				CLANG_ENABLE_MODULES = YES;
				CLANG_ENABLE_OBJC_ARC = YES;
				CLANG_ENABLE_OBJC_WEAK = YES;
				CLANG_WARN_BLOCK_CAPTURE_AUTORELEASING = YES;
				CLANG_WARN_BOOL_CONVERSION = YES;
				CLANG_WARN_COMMA = YES;
				CLANG_WARN_CONSTANT_CONVERSION = YES;
				CLANG_WARN_DEPRECATED_OBJC_IMPLEMENTATIONS = YES;
				CLANG_WARN_DIRECT_OBJC_ISA_USAGE = YES_ERROR;
				CLANG_WARN_DOCUMENTATION_COMMENTS = YES;
				CLANG_WARN_EMPTY_BODY = YES;
				CLANG_WARN_ENUM_CONVERSION = YES;
				CLANG_WARN_INFINITE_RECURSION = YES;
				CLANG_WARN_INT_CONVERSION = YES;
				CLANG_WARN_NON_LITERAL_NULL_CONVERSION = YES;
				CLANG_WARN_OBJC_IMPLICIT_RETAIN_SELF = YES;
				CLANG_WARN_OBJC_LITERAL_CONVERSION = YES;
				CLANG_WARN_OBJC_ROOT_CLASS = YES_ERROR;
				CLANG_WARN_QUOTED_INCLUDE_IN_FRAMEWORK_HEADER = YES;
				CLANG_WARN_RANGE_LOOP_ANALYSIS = YES;
				CLANG_WARN_STRICT_PROTOTYPES = YES;
				CLANG_WARN_SUSPICIOUS_MOVE = YES;
				CLANG_WARN_UNGUARDED_AVAILABILITY = YES_AGGRESSIVE;
				CLANG_WARN_UNREACHABLE_CODE = YES;
				CLANG_WARN__DUPLICATE_METHOD_MATCH = YES;
				COPY_PHASE_STRIP = NO;
				DEBUG_INFORMATION_FORMAT = dwarf;
				ENABLE_STRICT_OBJC_MSGSEND = YES;
				ENABLE_TESTABILITY = YES;
				ENABLE_USER_SCRIPT_SANDBOXING = YES;
				GCC_C_LANGUAGE_STANDARD = gnu17;
				GCC_DYNAMIC_NO_PIC = NO;
				GCC_NO_COMMON_BLOCKS = YES;
				GCC_OPTIMIZATION_LEVEL = 0;
				GCC_PREPROCESSOR_DEFINITIONS = (
					"DEBUG=1",
					"$(inherited)",
				);
				GCC_WARN_64_TO_32_BIT_CONVERSION = YES;
				GCC_WARN_ABOUT_RETURN_TYPE = YES_ERROR;
				GCC_WARN_UNDECLARED_SELECTOR = YES;
				GCC_WARN_UNINITIALIZED_AUTOS = YES_AGGRESSIVE;
				GCC_WARN_UNUSED_FUNCTION = YES;
				GCC_WARN_UNUSED_VARIABLE = YES;
				IPHONEOS_DEPLOYMENT_TARGET = 18.2;
				LOCALIZATION_PREFERS_STRING_CATALOGS = YES;
				MTL_ENABLE_DEBUG_INFO = INCLUDE_SOURCE;
				MTL_FAST_MATH = YES;
				ONLY_ACTIVE_ARCH = YES;
				SDKROOT = iphoneos;
				SWIFT_ACTIVE_COMPILATION_CONDITIONS = "DEBUG $(inherited)";
				SWIFT_OPTIMIZATION_LEVEL = "-Onone";
			};
			name = Debug;
		};
		73BA2C1B2D04D41B00D9271C /* Release */ = {
			isa = XCBuildConfiguration;
			buildSettings = {
				ALWAYS_SEARCH_USER_PATHS = NO;
				ASSETCATALOG_COMPILER_GENERATE_SWIFT_ASSET_SYMBOL_EXTENSIONS = YES;
				CLANG_ANALYZER_NONNULL = YES;
				CLANG_ANALYZER_NUMBER_OBJECT_CONVERSION = YES_AGGRESSIVE;
				CLANG_CXX_LANGUAGE_STANDARD = "gnu++20";
				CLANG_ENABLE_MODULES = YES;
				CLANG_ENABLE_OBJC_ARC = YES;
				CLANG_ENABLE_OBJC_WEAK = YES;
				CLANG_WARN_BLOCK_CAPTURE_AUTORELEASING = YES;
				CLANG_WARN_BOOL_CONVERSION = YES;
				CLANG_WARN_COMMA = YES;
				CLANG_WARN_CONSTANT_CONVERSION = YES;
				CLANG_WARN_DEPRECATED_OBJC_IMPLEMENTATIONS = YES;
				CLANG_WARN_DIRECT_OBJC_ISA_USAGE = YES_ERROR;
				CLANG_WARN_DOCUMENTATION_COMMENTS = YES;
				CLANG_WARN_EMPTY_BODY = YES;
				CLANG_WARN_ENUM_CONVERSION = YES;
				CLANG_WARN_INFINITE_RECURSION = YES;
				CLANG_WARN_INT_CONVERSION = YES;
				CLANG_WARN_NON_LITERAL_NULL_CONVERSION = YES;
				CLANG_WARN_OBJC_IMPLICIT_RETAIN_SELF = YES;
				CLANG_WARN_OBJC_LITERAL_CONVERSION = YES;
				CLANG_WARN_OBJC_ROOT_CLASS = YES_ERROR;
				CLANG_WARN_QUOTED_INCLUDE_IN_FRAMEWORK_HEADER = YES;
				CLANG_WARN_RANGE_LOOP_ANALYSIS = YES;
				CLANG_WARN_STRICT_PROTOTYPES = YES;
				CLANG_WARN_SUSPICIOUS_MOVE = YES;
				CLANG_WARN_UNGUARDED_AVAILABILITY = YES_AGGRESSIVE;
				CLANG_WARN_UNREACHABLE_CODE = YES;
				CLANG_WARN__DUPLICATE_METHOD_MATCH = YES;
				COPY_PHASE_STRIP = NO;
				DEBUG_INFORMATION_FORMAT = "dwarf-with-dsym";
				ENABLE_NS_ASSERTIONS = NO;
				ENABLE_STRICT_OBJC_MSGSEND = YES;
				ENABLE_USER_SCRIPT_SANDBOXING = YES;
				GCC_C_LANGUAGE_STANDARD = gnu17;
				GCC_NO_COMMON_BLOCKS = YES;
				GCC_WARN_64_TO_32_BIT_CONVERSION = YES;
				GCC_WARN_ABOUT_RETURN_TYPE = YES_ERROR;
				GCC_WARN_UNDECLARED_SELECTOR = YES;
				GCC_WARN_UNINITIALIZED_AUTOS = YES_AGGRESSIVE;
				GCC_WARN_UNUSED_FUNCTION = YES;
				GCC_WARN_UNUSED_VARIABLE = YES;
				IPHONEOS_DEPLOYMENT_TARGET = 18.2;
				LOCALIZATION_PREFERS_STRING_CATALOGS = YES;
				MTL_ENABLE_DEBUG_INFO = NO;
				MTL_FAST_MATH = YES;
				SDKROOT = iphoneos;
				SWIFT_COMPILATION_MODE = wholemodule;
				VALIDATE_PRODUCT = YES;
			};
			name = Release;
		};
		73BA2C1D2D04D41B00D9271C /* Debug */ = {
			isa = XCBuildConfiguration;
			buildSettings = {
				ASSETCATALOG_COMPILER_APPICON_NAME = AppIcon;
				ASSETCATALOG_COMPILER_GLOBAL_ACCENT_COLOR_NAME = AccentColor;
				CODE_SIGN_STYLE = Automatic;
				CURRENT_PROJECT_VERSION = 1;
				DEVELOPMENT_ASSET_PATHS = "\"Compass/Preview Content\"";
				DEVELOPMENT_TEAM = ZBGJHJ4356;
				ENABLE_PREVIEWS = YES;
				GENERATE_INFOPLIST_FILE = YES;
				INFOPLIST_KEY_UIApplicationSceneManifest_Generation = YES;
				INFOPLIST_KEY_UIApplicationSupportsIndirectInputEvents = YES;
				INFOPLIST_KEY_UILaunchScreen_Generation = YES;
				INFOPLIST_KEY_UISupportedInterfaceOrientations_iPad = "UIInterfaceOrientationPortrait UIInterfaceOrientationPortraitUpsideDown UIInterfaceOrientationLandscapeLeft UIInterfaceOrientationLandscapeRight";
				INFOPLIST_KEY_UISupportedInterfaceOrientations_iPhone = "UIInterfaceOrientationPortrait UIInterfaceOrientationLandscapeLeft UIInterfaceOrientationLandscapeRight";
				LD_RUNPATH_SEARCH_PATHS = (
					"$(inherited)",
					"@executable_path/Frameworks",
				);
				MARKETING_VERSION = 1.0;
				PRODUCT_BUNDLE_IDENTIFIER = shah.shoaib.Compass;
				PRODUCT_NAME = "$(TARGET_NAME)";
				SWIFT_EMIT_LOC_STRINGS = YES;
				SWIFT_VERSION = 5.0;
				TARGETED_DEVICE_FAMILY = "1,2";
			};
			name = Debug;
		};
		73BA2C1E2D04D41B00D9271C /* Release */ = {
			isa = XCBuildConfiguration;
			buildSettings = {
				ASSETCATALOG_COMPILER_APPICON_NAME = AppIcon;
				ASSETCATALOG_COMPILER_GLOBAL_ACCENT_COLOR_NAME = AccentColor;
				CODE_SIGN_STYLE = Automatic;
				CURRENT_PROJECT_VERSION = 1;
				DEVELOPMENT_ASSET_PATHS = "\"Compass/Preview Content\"";
				DEVELOPMENT_TEAM = ZBGJHJ4356;
				ENABLE_PREVIEWS = YES;
				GENERATE_INFOPLIST_FILE = YES;
				INFOPLIST_KEY_UIApplicationSceneManifest_Generation = YES;
				INFOPLIST_KEY_UIApplicationSupportsIndirectInputEvents = YES;
				INFOPLIST_KEY_UILaunchScreen_Generation = YES;
				INFOPLIST_KEY_UISupportedInterfaceOrientations_iPad = "UIInterfaceOrientationPortrait UIInterfaceOrientationPortraitUpsideDown UIInterfaceOrientationLandscapeLeft UIInterfaceOrientationLandscapeRight";
				INFOPLIST_KEY_UISupportedInterfaceOrientations_iPhone = "UIInterfaceOrientationPortrait UIInterfaceOrientationLandscapeLeft UIInterfaceOrientationLandscapeRight";
				LD_RUNPATH_SEARCH_PATHS = (
					"$(inherited)",
					"@executable_path/Frameworks",
				);
				MARKETING_VERSION = 1.0;
				PRODUCT_BUNDLE_IDENTIFIER = shah.shoaib.Compass;
				PRODUCT_NAME = "$(TARGET_NAME)";
				SWIFT_EMIT_LOC_STRINGS = YES;
				SWIFT_VERSION = 5.0;
				TARGETED_DEVICE_FAMILY = "1,2";
			};
			name = Release;
		};
		73BA2C202D04D41B00D9271C /* Debug */ = {
			isa = XCBuildConfiguration;
			buildSettings = {
				BUNDLE_LOADER = "$(TEST_HOST)";
				CODE_SIGN_STYLE = Automatic;
				CURRENT_PROJECT_VERSION = 1;
				DEVELOPMENT_TEAM = ZBGJHJ4356;
				GENERATE_INFOPLIST_FILE = YES;
				IPHONEOS_DEPLOYMENT_TARGET = 18.2;
				MARKETING_VERSION = 1.0;
				PRODUCT_BUNDLE_IDENTIFIER = shah.shoaib.CompassTests;
				PRODUCT_NAME = "$(TARGET_NAME)";
				SWIFT_EMIT_LOC_STRINGS = NO;
				SWIFT_VERSION = 5.0;
				TARGETED_DEVICE_FAMILY = "1,2";
				TEST_HOST = "$(BUILT_PRODUCTS_DIR)/Compass.app/$(BUNDLE_EXECUTABLE_FOLDER_PATH)/Compass";
			};
			name = Debug;
		};
		73BA2C212D04D41B00D9271C /* Release */ = {
			isa = XCBuildConfiguration;
			buildSettings = {
				BUNDLE_LOADER = "$(TEST_HOST)";
				CODE_SIGN_STYLE = Automatic;
				CURRENT_PROJECT_VERSION = 1;
				DEVELOPMENT_TEAM = ZBGJHJ4356;
				GENERATE_INFOPLIST_FILE = YES;
				IPHONEOS_DEPLOYMENT_TARGET = 18.2;
				MARKETING_VERSION = 1.0;
				PRODUCT_BUNDLE_IDENTIFIER = shah.shoaib.CompassTests;
				PRODUCT_NAME = "$(TARGET_NAME)";
				SWIFT_EMIT_LOC_STRINGS = NO;
				SWIFT_VERSION = 5.0;
				TARGETED_DEVICE_FAMILY = "1,2";
				TEST_HOST = "$(BUILT_PRODUCTS_DIR)/Compass.app/$(BUNDLE_EXECUTABLE_FOLDER_PATH)/Compass";
			};
			name = Release;
		};
		73BA2C232D04D41B00D9271C /* Debug */ = {
			isa = XCBuildConfiguration;
			buildSettings = {
				CODE_SIGN_STYLE = Automatic;
				CURRENT_PROJECT_VERSION = 1;
				DEVELOPMENT_TEAM = ZBGJHJ4356;
				GENERATE_INFOPLIST_FILE = YES;
				MARKETING_VERSION = 1.0;
				PRODUCT_BUNDLE_IDENTIFIER = shah.shoaib.CompassUITests;
				PRODUCT_NAME = "$(TARGET_NAME)";
				SWIFT_EMIT_LOC_STRINGS = NO;
				SWIFT_VERSION = 5.0;
				TARGETED_DEVICE_FAMILY = "1,2";
				TEST_TARGET_NAME = Compass;
			};
			name = Debug;
		};
		73BA2C242D04D41B00D9271C /* Release */ = {
			isa = XCBuildConfiguration;
			buildSettings = {
				CODE_SIGN_STYLE = Automatic;
				CURRENT_PROJECT_VERSION = 1;
				DEVELOPMENT_TEAM = ZBGJHJ4356;
				GENERATE_INFOPLIST_FILE = YES;
				MARKETING_VERSION = 1.0;
				PRODUCT_BUNDLE_IDENTIFIER = shah.shoaib.CompassUITests;
				PRODUCT_NAME = "$(TARGET_NAME)";
				SWIFT_EMIT_LOC_STRINGS = NO;
				SWIFT_VERSION = 5.0;
				TARGETED_DEVICE_FAMILY = "1,2";
				TEST_TARGET_NAME = Compass;
			};
			name = Release;
		};
/* End XCBuildConfiguration section */

/* Begin XCConfigurationList section */
		73BA2BF12D04D41900D9271C /* Build configuration list for PBXProject "Compass" */ = {
			isa = XCConfigurationList;
			buildConfigurations = (
				73BA2C1A2D04D41B00D9271C /* Debug */,
				73BA2C1B2D04D41B00D9271C /* Release */,
			);
			defaultConfigurationIsVisible = 0;
			defaultConfigurationName = Release;
		};
		73BA2C1C2D04D41B00D9271C /* Build configuration list for PBXNativeTarget "Compass" */ = {
			isa = XCConfigurationList;
			buildConfigurations = (
				73BA2C1D2D04D41B00D9271C /* Debug */,
				73BA2C1E2D04D41B00D9271C /* Release */,
			);
			defaultConfigurationIsVisible = 0;
			defaultConfigurationName = Release;
		};
		73BA2C1F2D04D41B00D9271C /* Build configuration list for PBXNativeTarget "CompassTests" */ = {
			isa = XCConfigurationList;
			buildConfigurations = (
				73BA2C202D04D41B00D9271C /* Debug */,
				73BA2C212D04D41B00D9271C /* Release */,
			);
			defaultConfigurationIsVisible = 0;
			defaultConfigurationName = Release;
		};
		73BA2C222D04D41B00D9271C /* Build configuration list for PBXNativeTarget "CompassUITests" */ = {
			isa = XCConfigurationList;
			buildConfigurations = (
				73BA2C232D04D41B00D9271C /* Debug */,
				73BA2C242D04D41B00D9271C /* Release */,
			);
			defaultConfigurationIsVisible = 0;
			defaultConfigurationName = Release;
		};
/* End XCConfigurationList section */
	};
	rootObject = 73BA2BEE2D04D41900D9271C /* Project object */;
}
